
Microsoft Visual Studio Solution File, Format Version 12.00
# Visual Studio 14
VisualStudioVersion = 14.0.24720.0
MinimumVisualStudioVersion = 10.0.40219.1
Project("{FAE04EC0-301F-11D3-BF4B-00C04F79EFBC}") = "Messenger", "Messenger\Messenger.csproj", "{1DB8DFE4-5E2C-4C3D-A385-545D936A19BB}"
EndProject
Project("{FAE04EC0-301F-11D3-BF4B-00C04F79EFBC}") = "Messenger.Tests", "Messenger.Tests\Messenger.Tests.csproj", "{55D11FCC-54F0-40FA-BD70-416FEAC6C2A8}"
EndProject
Project("{00D1A9C2-B5F0-4AF3-8072-F6C62B433612}") = "Messanger.Database", "Messanger.Database\Messanger.Database.sqlproj", "{213E5128-5531-48DD-97FD-521614787161}"
EndProject
Global
	GlobalSection(SolutionConfigurationPlatforms) = preSolution
		Debug|Any CPU = Debug|Any CPU
		Release|Any CPU = Release|Any CPU
	EndGlobalSection
	GlobalSection(ProjectConfigurationPlatforms) = postSolution
		{1DB8DFE4-5E2C-4C3D-A385-545D936A19BB}.Debug|Any CPU.ActiveCfg = Debug|Any CPU
		{1DB8DFE4-5E2C-4C3D-A385-545D936A19BB}.Debug|Any CPU.Build.0 = Debug|Any CPU
		{1DB8DFE4-5E2C-4C3D-A385-545D936A19BB}.Release|Any CPU.ActiveCfg = Release|Any CPU
		{1DB8DFE4-5E2C-4C3D-A385-545D936A19BB}.Release|Any CPU.Build.0 = Release|Any CPU
		{55D11FCC-54F0-40FA-BD70-416FEAC6C2A8}.Debug|Any CPU.ActiveCfg = Debug|Any CPU
		{55D11FCC-54F0-40FA-BD70-416FEAC6C2A8}.Debug|Any CPU.Build.0 = Debug|Any CPU
		{55D11FCC-54F0-40FA-BD70-416FEAC6C2A8}.Release|Any CPU.ActiveCfg = Release|Any CPU
		{55D11FCC-54F0-40FA-BD70-416FEAC6C2A8}.Release|Any CPU.Build.0 = Release|Any CPU
		{213E5128-5531-48DD-97FD-521614787161}.Debug|Any CPU.ActiveCfg = Debug|Any CPU
		{213E5128-5531-48DD-97FD-521614787161}.Debug|Any CPU.Build.0 = Debug|Any CPU
		{213E5128-5531-48DD-97FD-521614787161}.Debug|Any CPU.Deploy.0 = Debug|Any CPU
		{213E5128-5531-48DD-97FD-521614787161}.Release|Any CPU.ActiveCfg = Release|Any CPU
		{213E5128-5531-48DD-97FD-521614787161}.Release|Any CPU.Build.0 = Release|Any CPU
		{213E5128-5531-48DD-97FD-521614787161}.Release|Any CPU.Deploy.0 = Release|Any CPU
	EndGlobalSection
	GlobalSection(SolutionProperties) = preSolution
		HideSolutionNode = FALSE
	EndGlobalSection
EndGlobal
